
Microsoft Visual Studio Solution File, Format Version 12.00
# Visual Studio Version 17
VisualStudioVersion = 17.1.32407.343
MinimumVisualStudioVersion = 10.0.40219.1
Project("{888888A0-9F3D-457C-B088-3A5042F75D52}") = "PythonApplication2", "PythonApplication2\PythonApplication2.pyproj", "{D3CCA613-CA79-4339-BB34-5497BE0D1B60}"
EndProject
Global
	GlobalSection(SolutionConfigurationPlatforms) = preSolution
		Debug|Any CPU = Debug|Any CPU
		Release|Any CPU = Release|Any CPU
	EndGlobalSection
	GlobalSection(ProjectConfigurationPlatforms) = postSolution
		{D3CCA613-CA79-4339-BB34-5497BE0D1B60}.Debug|Any CPU.ActiveCfg = Debug|Any CPU
		{D3CCA613-CA79-4339-BB34-5497BE0D1B60}.Release|Any CPU.ActiveCfg = Release|Any CPU
	EndGlobalSection
	GlobalSection(SolutionProperties) = preSolution
		HideSolutionNode = FALSE
	EndGlobalSection
	GlobalSection(ExtensibilityGlobals) = postSolution
		SolutionGuid = {F8461257-4E0C-411C-B8D6-EDB220D4990F}
	EndGlobalSection
EndGlobal
